
Microsoft Visual Studio Solution File, Format Version 12.00
# Visual Studio Version 17
VisualStudioVersion = 17.3.32929.385
MinimumVisualStudioVersion = 10.0.40219.1
Project("{FAE04EC0-301F-11D3-BF4B-00C04F79EFBC}") = "PHAdmin.API", "PHAdmin.API\PHAdmin.API.csproj", "{5676171E-0CC8-4C1B-9014-1BE7D91269A6}"
EndProject
Global
	GlobalSection(SolutionConfigurationPlatforms) = preSolution
		Debug|Any CPU = Debug|Any CPU
		Release|Any CPU = Release|Any CPU
	EndGlobalSection
	GlobalSection(ProjectConfigurationPlatforms) = postSolution
		{5676171E-0CC8-4C1B-9014-1BE7D91269A6}.Debug|Any CPU.ActiveCfg = Debug|Any CPU
		{5676171E-0CC8-4C1B-9014-1BE7D91269A6}.Debug|Any CPU.Build.0 = Debug|Any CPU
		{5676171E-0CC8-4C1B-9014-1BE7D91269A6}.Release|Any CPU.ActiveCfg = Release|Any CPU
		{5676171E-0CC8-4C1B-9014-1BE7D91269A6}.Release|Any CPU.Build.0 = Release|Any CPU
	EndGlobalSection
	GlobalSection(SolutionProperties) = preSolution
		HideSolutionNode = FALSE
	EndGlobalSection
	GlobalSection(ExtensibilityGlobals) = postSolution
		SolutionGuid = {5F218A72-AAF5-4631-9EF7-22BBAE17E74A}
	EndGlobalSection
EndGlobal
